# THIS IS AN AUTOGENERATED FILE. DO NOT EDIT THIS FILE DIRECTLY.
# yarn lockfile v1


"impac-angular@git+https://git@github.com/maestrano/impac-angular.git#1.6":
  version "1.6.10"
  resolved "git+https://git@github.com/maestrano/impac-angular.git#79df9fca8bcf4b5b09ab2edb4b18c461c5700bd1"

"mno-enterprise-angular@https://github.com/RidaAhmad/mno-enterprise-angular.git#mnoe-1135":
  version "2.0.0-dev"
  resolved "https://github.com/RidaAhmad/mno-enterprise-angular.git#05c183534cc4aa28427e59cfa9509a9b5564e0e4"

"mnoe-admin-panel@https://github.com/RidaAhmad/mnoe-admin-panel.git#mnoe-1135":
  version "2.0.0-dev"
  resolved "https://github.com/RidaAhmad/mnoe-admin-panel.git#cce8d3b2298c4cf22ad55738bec8eecfa16e612c"
